
Microsoft Visual Studio Solution File, Format Version 12.00
# Visual Studio Version 17
VisualStudioVersion = 17.2.32630.192
MinimumVisualStudioVersion = 10.0.40219.1
Project("{9A19103F-16F7-4668-BE54-9A1E7A4F7556}") = "R5T.T0244.Construction", "R5T.T0244.Construction\R5T.T0244.Construction.csproj", "{A12F341A-CB85-4CF7-AC92-F5709AA5CE72}"
EndProject
Project("{9A19103F-16F7-4668-BE54-9A1E7A4F7556}") = "R5T.T0244", "R5T.T0244\R5T.T0244.csproj", "{8A96BBCA-C1F9-4E7B-8B4C-D1D70504AE04}"
EndProject
Project("{2150E333-8FDC-42A3-9474-1A3956D46DE8}") = "_Dependencies", "_Dependencies", "{5206A7E3-761E-4448-88FC-25188CCD27BE}"
EndProject
Project("{9A19103F-16F7-4668-BE54-9A1E7A4F7556}") = "R5T.T0143", "..\..\R5T.T0143\source\R5T.T0143\R5T.T0143.csproj", "{0D629A20-7CF9-42D4-B259-1EBCEDB23E5A}"
EndProject
Global
	GlobalSection(NestedProjects) = preSolution
		{0D629A20-7CF9-42D4-B259-1EBCEDB23E5A} = {5206A7E3-761E-4448-88FC-25188CCD27BE}
	EndGlobalSection
	GlobalSection(SolutionConfigurationPlatforms) = preSolution
		Debug|Any CPU = Debug|Any CPU
		Release|Any CPU = Release|Any CPU
	EndGlobalSection
	GlobalSection(ProjectConfigurationPlatforms) = postSolution
		{A12F341A-CB85-4CF7-AC92-F5709AA5CE72}.Debug|Any CPU.ActiveCfg = Debug|Any CPU
		{A12F341A-CB85-4CF7-AC92-F5709AA5CE72}.Debug|Any CPU.Build.0 = Debug|Any CPU
		{A12F341A-CB85-4CF7-AC92-F5709AA5CE72}.Release|Any CPU.ActiveCfg = Release|Any CPU
		{A12F341A-CB85-4CF7-AC92-F5709AA5CE72}.Release|Any CPU.Build.0 = Release|Any CPU
		{8A96BBCA-C1F9-4E7B-8B4C-D1D70504AE04}.Debug|Any CPU.ActiveCfg = Debug|Any CPU
		{8A96BBCA-C1F9-4E7B-8B4C-D1D70504AE04}.Debug|Any CPU.Build.0 = Debug|Any CPU
		{8A96BBCA-C1F9-4E7B-8B4C-D1D70504AE04}.Release|Any CPU.ActiveCfg = Release|Any CPU
		{8A96BBCA-C1F9-4E7B-8B4C-D1D70504AE04}.Release|Any CPU.Build.0 = Release|Any CPU
		{0D629A20-7CF9-42D4-B259-1EBCEDB23E5A}.Debug|Any CPU.ActiveCfg = Debug|Any CPU
		{0D629A20-7CF9-42D4-B259-1EBCEDB23E5A}.Debug|Any CPU.Build.0 = Debug|Any CPU
		{0D629A20-7CF9-42D4-B259-1EBCEDB23E5A}.Release|Any CPU.ActiveCfg = Release|Any CPU
		{0D629A20-7CF9-42D4-B259-1EBCEDB23E5A}.Release|Any CPU.Build.0 = Release|Any CPU
	EndGlobalSection
	GlobalSection(SolutionProperties) = preSolution
		HideSolutionNode = FALSE
	EndGlobalSection
	GlobalSection(ExtensibilityGlobals) = postSolution
		SolutionGuid = {8A78A1A3-2DB5-4311-92E1-C932893A98A9}
	EndGlobalSection
EndGlobal
